
Microsoft Visual Studio Solution File, Format Version 12.00
# Visual Studio Version 16
VisualStudioVersion = 16.0.33027.164
MinimumVisualStudioVersion = 10.0.40219.1
Project("{9A19103F-16F7-4668-BE54-9A1E7A4F7556}") = "MyBugTracker", "MyBugTracker.csproj", "{5C370AA7-81B2-4F06-B157-498C6368AB45}"
EndProject
Global
	GlobalSection(SolutionConfigurationPlatforms) = preSolution
		Debug|Any CPU = Debug|Any CPU
		Release|Any CPU = Release|Any CPU
	EndGlobalSection
	GlobalSection(ProjectConfigurationPlatforms) = postSolution
		{5C370AA7-81B2-4F06-B157-498C6368AB45}.Debug|Any CPU.ActiveCfg = Debug|Any CPU
		{5C370AA7-81B2-4F06-B157-498C6368AB45}.Debug|Any CPU.Build.0 = Debug|Any CPU
		{5C370AA7-81B2-4F06-B157-498C6368AB45}.Release|Any CPU.ActiveCfg = Release|Any CPU
		{5C370AA7-81B2-4F06-B157-498C6368AB45}.Release|Any CPU.Build.0 = Release|Any CPU
	EndGlobalSection
	GlobalSection(SolutionProperties) = preSolution
		HideSolutionNode = FALSE
	EndGlobalSection
	GlobalSection(ExtensibilityGlobals) = postSolution
		SolutionGuid = {E947EEFE-F919-426B-8F9B-4AB3B5D09086}
	EndGlobalSection
EndGlobal
